// !$*UTF8*$!
{
	archiveVersion = 1;
	classes = {
	};
	objectVersion = 46;
	objects = {

/* Begin PBXBuildFile section */
		D81968821F75BC620075284C /* BooleanRule.swift in Sources */ = {isa = PBXBuildFile; fileRef = D81968731F75BB550075284C /* BooleanRule.swift */; };
		D81968831F75BC620075284C /* EmailRule.swift in Sources */ = {isa = PBXBuildFile; fileRef = D81968741F75BB550075284C /* EmailRule.swift */; };
		D81968841F75BC620075284C /* MatchRule.swift in Sources */ = {isa = PBXBuildFile; fileRef = D81968751F75BB550075284C /* MatchRule.swift */; };
		D81968851F75BC620075284C /* MaxLengthRule.swift in Sources */ = {isa = PBXBuildFile; fileRef = D81968761F75BB550075284C /* MaxLengthRule.swift */; };
		D81968861F75BC620075284C /* MinLengthRule.swift in Sources */ = {isa = PBXBuildFile; fileRef = D81968771F75BB550075284C /* MinLengthRule.swift */; };
		D81968871F75BC620075284C /* PasswordRule.swift in Sources */ = {isa = PBXBuildFile; fileRef = D81968781F75BB550075284C /* PasswordRule.swift */; };
		D81968881F75BC620075284C /* RegexRule.swift in Sources */ = {isa = PBXBuildFile; fileRef = D81968791F75BB550075284C /* RegexRule.swift */; };
		D81968891F75BC620075284C /* RequiredRule.swift in Sources */ = {isa = PBXBuildFile; fileRef = D819687A1F75BB550075284C /* RequiredRule.swift */; };
		D819688A1F75BC620075284C /* RuleProtocol.swift in Sources */ = {isa = PBXBuildFile; fileRef = D819687B1F75BB550075284C /* RuleProtocol.swift */; };
		D819688B1F75BC620075284C /* ValidationError.swift in Sources */ = {isa = PBXBuildFile; fileRef = D819687D1F75BB550075284C /* ValidationError.swift */; };
		D819688C1F75BC620075284C /* ValidationProtocol.swift in Sources */ = {isa = PBXBuildFile; fileRef = D819687F1F75BB550075284C /* ValidationProtocol.swift */; };
		D819688D1F75BC620075284C /* Validator.swift in Sources */ = {isa = PBXBuildFile; fileRef = D81968811F75BB550075284C /* Validator.swift */; };
		D8508A7719735A55004DFD4A /* AppDelegate.swift in Sources */ = {isa = PBXBuildFile; fileRef = D8508A7619735A55004DFD4A /* AppDelegate.swift */; };
		D8508A7919735A55004DFD4A /* ViewController.swift in Sources */ = {isa = PBXBuildFile; fileRef = D8508A7819735A55004DFD4A /* ViewController.swift */; };
		D8508A7C19735A55004DFD4A /* Main.storyboard in Resources */ = {isa = PBXBuildFile; fileRef = D8508A7A19735A55004DFD4A /* Main.storyboard */; };
		D8508A7E19735A55004DFD4A /* Images.xcassets in Resources */ = {isa = PBXBuildFile; fileRef = D8508A7D19735A55004DFD4A /* Images.xcassets */; };
/* End PBXBuildFile section */

/* Begin PBXFileReference section */
		D81968731F75BB550075284C /* BooleanRule.swift */ = {isa = PBXFileReference; lastKnownFileType = sourcecode.swift; path = BooleanRule.swift; sourceTree = "<group>"; };
		D81968741F75BB550075284C /* EmailRule.swift */ = {isa = PBXFileReference; lastKnownFileType = sourcecode.swift; path = EmailRule.swift; sourceTree = "<group>"; };
		D81968751F75BB550075284C /* MatchRule.swift */ = {isa = PBXFileReference; lastKnownFileType = sourcecode.swift; path = MatchRule.swift; sourceTree = "<group>"; };
		D81968761F75BB550075284C /* MaxLengthRule.swift */ = {isa = PBXFileReference; lastKnownFileType = sourcecode.swift; path = MaxLengthRule.swift; sourceTree = "<group>"; };
		D81968771F75BB550075284C /* MinLengthRule.swift */ = {isa = PBXFileReference; lastKnownFileType = sourcecode.swift; path = MinLengthRule.swift; sourceTree = "<group>"; };
		D81968781F75BB550075284C /* PasswordRule.swift */ = {isa = PBXFileReference; lastKnownFileType = sourcecode.swift; path = PasswordRule.swift; sourceTree = "<group>"; };
		D81968791F75BB550075284C /* RegexRule.swift */ = {isa = PBXFileReference; lastKnownFileType = sourcecode.swift; path = RegexRule.swift; sourceTree = "<group>"; };
		D819687A1F75BB550075284C /* RequiredRule.swift */ = {isa = PBXFileReference; lastKnownFileType = sourcecode.swift; path = RequiredRule.swift; sourceTree = "<group>"; };
		D819687B1F75BB550075284C /* RuleProtocol.swift */ = {isa = PBXFileReference; lastKnownFileType = sourcecode.swift; path = RuleProtocol.swift; sourceTree = "<group>"; };
		D819687D1F75BB550075284C /* ValidationError.swift */ = {isa = PBXFileReference; lastKnownFileType = sourcecode.swift; path = ValidationError.swift; sourceTree = "<group>"; };
		D819687F1F75BB550075284C /* ValidationProtocol.swift */ = {isa = PBXFileReference; lastKnownFileType = sourcecode.swift; path = ValidationProtocol.swift; sourceTree = "<group>"; };
		D81968811F75BB550075284C /* Validator.swift */ = {isa = PBXFileReference; lastKnownFileType = sourcecode.swift; path = Validator.swift; sourceTree = "<group>"; };
		D8508A7119735A55004DFD4A /* ETValidation_test.app */ = {isa = PBXFileReference; explicitFileType = wrapper.application; includeInIndex = 0; path = ETValidation_test.app; sourceTree = BUILT_PRODUCTS_DIR; };
		D8508A7519735A55004DFD4A /* Info.plist */ = {isa = PBXFileReference; lastKnownFileType = text.plist.xml; path = Info.plist; sourceTree = "<group>"; };
		D8508A7619735A55004DFD4A /* AppDelegate.swift */ = {isa = PBXFileReference; lastKnownFileType = sourcecode.swift; path = AppDelegate.swift; sourceTree = "<group>"; };
		D8508A7819735A55004DFD4A /* ViewController.swift */ = {isa = PBXFileReference; lastKnownFileType = sourcecode.swift; path = ViewController.swift; sourceTree = "<group>"; };
		D8508A7B19735A55004DFD4A /* Base */ = {isa = PBXFileReference; lastKnownFileType = file.storyboard; name = Base; path = Base.lproj/Main.storyboard; sourceTree = "<group>"; };
		D8508A7D19735A55004DFD4A /* Images.xcassets */ = {isa = PBXFileReference; lastKnownFileType = folder.assetcatalog; path = Images.xcassets; sourceTree = "<group>"; };
/* End PBXFileReference section */

/* Begin PBXFrameworksBuildPhase section */
		D8508A6E19735A55004DFD4A /* Frameworks */ = {
			isa = PBXFrameworksBuildPhase;
			buildActionMask = 2147483647;
			files = (
			);
			runOnlyForDeploymentPostprocessing = 0;
		};
/* End PBXFrameworksBuildPhase section */

/* Begin PBXGroup section */
		D81968711F75BB550075284C /* Source */ = {
			isa = PBXGroup;
			children = (
				D81968721F75BB550075284C /* Components */,
				D819687C1F75BB550075284C /* Error */,
				D819687E1F75BB550075284C /* Protocol */,
				D81968801F75BB550075284C /* Validator */,
			);
			name = Source;
			path = ../Source;
			sourceTree = "<group>";
		};
		D81968721F75BB550075284C /* Components */ = {
			isa = PBXGroup;
			children = (
				D819687B1F75BB550075284C /* RuleProtocol.swift */,
				D81968731F75BB550075284C /* BooleanRule.swift */,
				D81968761F75BB550075284C /* MaxLengthRule.swift */,
				D81968771F75BB550075284C /* MinLengthRule.swift */,
				D819687A1F75BB550075284C /* RequiredRule.swift */,
				D81968791F75BB550075284C /* RegexRule.swift */,
				D81968741F75BB550075284C /* EmailRule.swift */,
				D81968781F75BB550075284C /* PasswordRule.swift */,
				D81968751F75BB550075284C /* MatchRule.swift */,
			);
			path = Components;
			sourceTree = "<group>";
		};
		D819687C1F75BB550075284C /* Error */ = {
			isa = PBXGroup;
			children = (
				D819687D1F75BB550075284C /* ValidationError.swift */,
			);
			path = Error;
			sourceTree = "<group>";
		};
		D819687E1F75BB550075284C /* Protocol */ = {
			isa = PBXGroup;
			children = (
				D819687F1F75BB550075284C /* ValidationProtocol.swift */,
			);
			path = Protocol;
			sourceTree = "<group>";
		};
		D81968801F75BB550075284C /* Validator */ = {
			isa = PBXGroup;
			children = (
				D81968811F75BB550075284C /* Validator.swift */,
			);
			path = Validator;
			sourceTree = "<group>";
		};
		D8508A6819735A55004DFD4A = {
			isa = PBXGroup;
			children = (
				D81968711F75BB550075284C /* Source */,
				D8508A7319735A55004DFD4A /* ETValidation_test */,
				D8508A7219735A55004DFD4A /* Products */,
			);
			sourceTree = "<group>";
		};
		D8508A7219735A55004DFD4A /* Products */ = {
			isa = PBXGroup;
			children = (
				D8508A7119735A55004DFD4A /* ETValidation_test.app */,
			);
			name = Products;
			sourceTree = "<group>";
		};
		D8508A7319735A55004DFD4A /* ETValidation_test */ = {
			isa = PBXGroup;
			children = (
				D8508A7619735A55004DFD4A /* AppDelegate.swift */,
				D8508A7819735A55004DFD4A /* ViewController.swift */,
				D8508A7A19735A55004DFD4A /* Main.storyboard */,
				D8508A7D19735A55004DFD4A /* Images.xcassets */,
				D8508A7419735A55004DFD4A /* Supporting Files */,
			);
			path = ETValidation_test;
			sourceTree = "<group>";
		};
		D8508A7419735A55004DFD4A /* Supporting Files */ = {
			isa = PBXGroup;
			children = (
				D8508A7519735A55004DFD4A /* Info.plist */,
			);
			name = "Supporting Files";
			sourceTree = "<group>";
		};
/* End PBXGroup section */

/* Begin PBXNativeTarget section */
		D8508A7019735A55004DFD4A /* ETValidation_test */ = {
			isa = PBXNativeTarget;
			buildConfigurationList = D8508A8D19735A55004DFD4A /* Build configuration list for PBXNativeTarget "ETValidation_test" */;
			buildPhases = (
				D8508A6D19735A55004DFD4A /* Sources */,
				D8508A6E19735A55004DFD4A /* Frameworks */,
				D8508A6F19735A55004DFD4A /* Resources */,
			);
			buildRules = (
			);
			dependencies = (
			);
			name = ETValidation_test;
			productName = ETValidation_test;
			productReference = D8508A7119735A55004DFD4A /* ETValidation_test.app */;
			productType = "com.apple.product-type.application";
		};
/* End PBXNativeTarget section */

/* Begin PBXProject section */
		D8508A6919735A55004DFD4A /* Project object */ = {
			isa = PBXProject;
			attributes = {
				LastSwiftMigration = 0700;
				LastSwiftUpdateCheck = 0700;
				LastUpgradeCheck = 0900;
				ORGANIZATIONNAME = "Joseph Burgess";
				TargetAttributes = {
					D8508A7019735A55004DFD4A = {
						CreatedOnToolsVersion = 6.0;
						DevelopmentTeam = ERYB6FCF4U;
						LastSwiftMigration = 0800;
					};
				};
			};
			buildConfigurationList = D8508A6C19735A55004DFD4A /* Build configuration list for PBXProject "ETValidation_test" */;
			compatibilityVersion = "Xcode 3.2";
			developmentRegion = English;
			hasScannedForEncodings = 0;
			knownRegions = (
				en,
				Base,
			);
			mainGroup = D8508A6819735A55004DFD4A;
			productRefGroup = D8508A7219735A55004DFD4A /* Products */;
			projectDirPath = "";
			projectRoot = "";
			targets = (
				D8508A7019735A55004DFD4A /* ETValidation_test */,
			);
		};
/* End PBXProject section */

/* Begin PBXResourcesBuildPhase section */
		D8508A6F19735A55004DFD4A /* Resources */ = {
			isa = PBXResourcesBuildPhase;
			buildActionMask = 2147483647;
			files = (
				D8508A7C19735A55004DFD4A /* Main.storyboard in Resources */,
				D8508A7E19735A55004DFD4A /* Images.xcassets in Resources */,
			);
			runOnlyForDeploymentPostprocessing = 0;
		};
/* End PBXResourcesBuildPhase section */

/* Begin PBXSourcesBuildPhase section */
		D8508A6D19735A55004DFD4A /* Sources */ = {
			isa = PBXSourcesBuildPhase;
			buildActionMask = 2147483647;
			files = (
				D81968821F75BC620075284C /* BooleanRule.swift in Sources */,
				D81968831F75BC620075284C /* EmailRule.swift in Sources */,
				D81968841F75BC620075284C /* MatchRule.swift in Sources */,
				D81968851F75BC620075284C /* MaxLengthRule.swift in Sources */,
				D81968861F75BC620075284C /* MinLengthRule.swift in Sources */,
				D81968871F75BC620075284C /* PasswordRule.swift in Sources */,
				D81968881F75BC620075284C /* RegexRule.swift in Sources */,
				D81968891F75BC620075284C /* RequiredRule.swift in Sources */,
				D819688A1F75BC620075284C /* RuleProtocol.swift in Sources */,
				D819688B1F75BC620075284C /* ValidationError.swift in Sources */,
				D819688C1F75BC620075284C /* ValidationProtocol.swift in Sources */,
				D819688D1F75BC620075284C /* Validator.swift in Sources */,
				D8508A7919735A55004DFD4A /* ViewController.swift in Sources */,
				D8508A7719735A55004DFD4A /* AppDelegate.swift in Sources */,
			);
			runOnlyForDeploymentPostprocessing = 0;
		};
/* End PBXSourcesBuildPhase section */

/* Begin PBXVariantGroup section */
		D8508A7A19735A55004DFD4A /* Main.storyboard */ = {
			isa = PBXVariantGroup;
			children = (
				D8508A7B19735A55004DFD4A /* Base */,
			);
			name = Main.storyboard;
			sourceTree = "<group>";
		};
/* End PBXVariantGroup section */

/* Begin XCBuildConfiguration section */
		D8508A8B19735A55004DFD4A /* Debug */ = {
			isa = XCBuildConfiguration;
			buildSettings = {
				ALWAYS_SEARCH_USER_PATHS = NO;
				CLANG_CXX_LANGUAGE_STANDARD = "gnu++0x";
				CLANG_CXX_LIBRARY = "libc++";
				CLANG_ENABLE_MODULES = YES;
				CLANG_ENABLE_OBJC_ARC = YES;
				CLANG_WARN_BLOCK_CAPTURE_AUTORELEASING = YES;
				CLANG_WARN_BOOL_CONVERSION = YES;
				CLANG_WARN_COMMA = YES;
				CLANG_WARN_CONSTANT_CONVERSION = YES;
				CLANG_WARN_DIRECT_OBJC_ISA_USAGE = YES_ERROR;
				CLANG_WARN_EMPTY_BODY = YES;
				CLANG_WARN_ENUM_CONVERSION = YES;
				CLANG_WARN_INFINITE_RECURSION = YES;
				CLANG_WARN_INT_CONVERSION = YES;
				CLANG_WARN_NON_LITERAL_NULL_CONVERSION = YES;
				CLANG_WARN_OBJC_LITERAL_CONVERSION = YES;
				CLANG_WARN_OBJC_ROOT_CLASS = YES_ERROR;
				CLANG_WARN_RANGE_LOOP_ANALYSIS = YES;
				CLANG_WARN_STRICT_PROTOTYPES = YES;
				CLANG_WARN_SUSPICIOUS_MOVE = YES;
				CLANG_WARN_UNREACHABLE_CODE = YES;
				CLANG_WARN__DUPLICATE_METHOD_MATCH = YES;
				"CODE_SIGN_IDENTITY[sdk=iphoneos*]" = "iPhone Developer";
				COPY_PHASE_STRIP = NO;
				ENABLE_STRICT_OBJC_MSGSEND = YES;
				ENABLE_TESTABILITY = YES;
				GCC_C_LANGUAGE_STANDARD = gnu99;
				GCC_DYNAMIC_NO_PIC = NO;
				GCC_NO_COMMON_BLOCKS = YES;
				GCC_OPTIMIZATION_LEVEL = 0;
				GCC_PREPROCESSOR_DEFINITIONS = (
					"DEBUG=1",
					"$(inherited)",
				);
				GCC_SYMBOLS_PRIVATE_EXTERN = NO;
				GCC_WARN_64_TO_32_BIT_CONVERSION = YES;
				GCC_WARN_ABOUT_RETURN_TYPE = YES_ERROR;
				GCC_WARN_UNDECLARED_SELECTOR = YES;
				GCC_WARN_UNINITIALIZED_AUTOS = YES_AGGRESSIVE;
				GCC_WARN_UNUSED_FUNCTION = YES;
				GCC_WARN_UNUSED_VARIABLE = YES;
				IPHONEOS_DEPLOYMENT_TARGET = 8.0;
				METAL_ENABLE_DEBUG_INFO = YES;
				ONLY_ACTIVE_ARCH = YES;
				SDKROOT = iphoneos;
				SWIFT_OPTIMIZATION_LEVEL = "-Onone";
			};
			name = Debug;
		};
		D8508A8C19735A55004DFD4A /* Release */ = {
			isa = XCBuildConfiguration;
			buildSettings = {
				ALWAYS_SEARCH_USER_PATHS = NO;
				CLANG_CXX_LANGUAGE_STANDARD = "gnu++0x";
				CLANG_CXX_LIBRARY = "libc++";
				CLANG_ENABLE_MODULES = YES;
				CLANG_ENABLE_OBJC_ARC = YES;
				CLANG_WARN_BLOCK_CAPTURE_AUTORELEASING = YES;
				CLANG_WARN_BOOL_CONVERSION = YES;
				CLANG_WARN_COMMA = YES;
				CLANG_WARN_CONSTANT_CONVERSION = YES;
				CLANG_WARN_DIRECT_OBJC_ISA_USAGE = YES_ERROR;
				CLANG_WARN_EMPTY_BODY = YES;
				CLANG_WARN_ENUM_CONVERSION = YES;
				CLANG_WARN_INFINITE_RECURSION = YES;
				CLANG_WARN_INT_CONVERSION = YES;
				CLANG_WARN_NON_LITERAL_NULL_CONVERSION = YES;
				CLANG_WARN_OBJC_LITERAL_CONVERSION = YES;
				CLANG_WARN_OBJC_ROOT_CLASS = YES_ERROR;
				CLANG_WARN_RANGE_LOOP_ANALYSIS = YES;
				CLANG_WARN_STRICT_PROTOTYPES = YES;
				CLANG_WARN_SUSPICIOUS_MOVE = YES;
				CLANG_WARN_UNREACHABLE_CODE = YES;
				CLANG_WARN__DUPLICATE_METHOD_MATCH = YES;
				"CODE_SIGN_IDENTITY[sdk=iphoneos*]" = "iPhone Developer";
				COPY_PHASE_STRIP = YES;
				ENABLE_NS_ASSERTIONS = NO;
				ENABLE_STRICT_OBJC_MSGSEND = YES;
				GCC_C_LANGUAGE_STANDARD = gnu99;
				GCC_NO_COMMON_BLOCKS = YES;
				GCC_WARN_64_TO_32_BIT_CONVERSION = YES;
				GCC_WARN_ABOUT_RETURN_TYPE = YES_ERROR;
				GCC_WARN_UNDECLARED_SELECTOR = YES;
				GCC_WARN_UNINITIALIZED_AUTOS = YES_AGGRESSIVE;
				GCC_WARN_UNUSED_FUNCTION = YES;
				GCC_WARN_UNUSED_VARIABLE = YES;
				IPHONEOS_DEPLOYMENT_TARGET = 8.0;
				METAL_ENABLE_DEBUG_INFO = NO;
				SDKROOT = iphoneos;
				SWIFT_OPTIMIZATION_LEVEL = "-Owholemodule";
				VALIDATE_PRODUCT = YES;
			};
			name = Release;
		};
		D8508A8E19735A55004DFD4A /* Debug */ = {
			isa = XCBuildConfiguration;
			buildSettings = {
				ASSETCATALOG_COMPILER_APPICON_NAME = AppIcon;
				ASSETCATALOG_COMPILER_LAUNCHIMAGE_NAME = LaunchImage;
				CODE_SIGN_IDENTITY = "iPhone Developer";
				DEVELOPMENT_TEAM = ERYB6FCF4U;
				INFOPLIST_FILE = ETValidation_test/Info.plist;
				LD_RUNPATH_SEARCH_PATHS = "$(inherited) @executable_path/Frameworks";
				PRODUCT_BUNDLE_IDENTIFIER = "errortype520.${PRODUCT_NAME:rfc1034identifier}";
				PRODUCT_NAME = "$(TARGET_NAME)";
				SWIFT_VERSION = 4.0;
			};
			name = Debug;
		};
		D8508A8F19735A55004DFD4A /* Release */ = {
			isa = XCBuildConfiguration;
			buildSettings = {
				ASSETCATALOG_COMPILER_APPICON_NAME = AppIcon;
				ASSETCATALOG_COMPILER_LAUNCHIMAGE_NAME = LaunchImage;
				CODE_SIGN_IDENTITY = "iPhone Developer";
				DEVELOPMENT_TEAM = ERYB6FCF4U;
				INFOPLIST_FILE = ETValidation_test/Info.plist;
				LD_RUNPATH_SEARCH_PATHS = "$(inherited) @executable_path/Frameworks";
				PRODUCT_BUNDLE_IDENTIFIER = "errortype520.${PRODUCT_NAME:rfc1034identifier}";
				PRODUCT_NAME = "$(TARGET_NAME)";
				SWIFT_VERSION = 4.0;
			};
			name = Release;
		};
/* End XCBuildConfiguration section */

/* Begin XCConfigurationList section */
		D8508A6C19735A55004DFD4A /* Build configuration list for PBXProject "ETValidation_test" */ = {
			isa = XCConfigurationList;
			buildConfigurations = (
				D8508A8B19735A55004DFD4A /* Debug */,
				D8508A8C19735A55004DFD4A /* Release */,
			);
			defaultConfigurationIsVisible = 0;
			defaultConfigurationName = Release;
		};
		D8508A8D19735A55004DFD4A /* Build configuration list for PBXNativeTarget "ETValidation_test" */ = {
			isa = XCConfigurationList;
			buildConfigurations = (
				D8508A8E19735A55004DFD4A /* Debug */,
				D8508A8F19735A55004DFD4A /* Release */,
			);
			defaultConfigurationIsVisible = 0;
			defaultConfigurationName = Release;
		};
/* End XCConfigurationList section */
	};
	rootObject = D8508A6919735A55004DFD4A /* Project object */;
}
