// !$*UTF8*$!
{
	archiveVersion = 1;
	classes = {
	};
	objectVersion = 46;
	objects = {

/* Begin PBXBuildFile section */
		D824A6BD1BCEB17A00250B61 /* ETValidation.h in Headers */ = {isa = PBXBuildFile; fileRef = D824A6BC1BCEB17A00250B61 /* ETValidation.h */; settings = {ATTRIBUTES = (Public, ); }; };
		D824A6D41BCEB18B00250B61 /* ETValidationComponent.swift in Sources */ = {isa = PBXBuildFile; fileRef = D824A6C61BCEB18B00250B61 /* ETValidationComponent.swift */; settings = {ASSET_TAGS = (); }; };
		D824A6D51BCEB18B00250B61 /* ETValidationComponentBoolean.swift in Sources */ = {isa = PBXBuildFile; fileRef = D824A6C71BCEB18B00250B61 /* ETValidationComponentBoolean.swift */; settings = {ASSET_TAGS = (); }; };
		D824A6D61BCEB18B00250B61 /* ETValidationComponentCharacterLimit.swift in Sources */ = {isa = PBXBuildFile; fileRef = D824A6C81BCEB18B00250B61 /* ETValidationComponentCharacterLimit.swift */; settings = {ASSET_TAGS = (); }; };
		D824A6D71BCEB18B00250B61 /* ETValidationComponentEmail.swift in Sources */ = {isa = PBXBuildFile; fileRef = D824A6C91BCEB18B00250B61 /* ETValidationComponentEmail.swift */; settings = {ASSET_TAGS = (); }; };
		D824A6D81BCEB18B00250B61 /* ETValidationComponentPassword.swift in Sources */ = {isa = PBXBuildFile; fileRef = D824A6CA1BCEB18B00250B61 /* ETValidationComponentPassword.swift */; settings = {ASSET_TAGS = (); }; };
		D824A6D91BCEB18B00250B61 /* ETValidationComponentRegex.swift in Sources */ = {isa = PBXBuildFile; fileRef = D824A6CB1BCEB18B00250B61 /* ETValidationComponentRegex.swift */; settings = {ASSET_TAGS = (); }; };
		D824A6DA1BCEB18B00250B61 /* ETValidationError.swift in Sources */ = {isa = PBXBuildFile; fileRef = D824A6CD1BCEB18B00250B61 /* ETValidationError.swift */; settings = {ASSET_TAGS = (); }; };
		D824A6DC1BCEB18B00250B61 /* ETValidationForm.swift in Sources */ = {isa = PBXBuildFile; fileRef = D824A6D11BCEB18B00250B61 /* ETValidationForm.swift */; settings = {ASSET_TAGS = (); }; };
		D824A6DD1BCEB18B00250B61 /* ETValidationProtocol.swift in Sources */ = {isa = PBXBuildFile; fileRef = D824A6D31BCEB18B00250B61 /* ETValidationProtocol.swift */; settings = {ASSET_TAGS = (); }; };
/* End PBXBuildFile section */

/* Begin PBXFileReference section */
		D824A6B91BCEB17A00250B61 /* ETValidation.framework */ = {isa = PBXFileReference; explicitFileType = wrapper.framework; includeInIndex = 0; path = ETValidation.framework; sourceTree = BUILT_PRODUCTS_DIR; };
		D824A6BC1BCEB17A00250B61 /* ETValidation.h */ = {isa = PBXFileReference; lastKnownFileType = sourcecode.c.h; path = ETValidation.h; sourceTree = "<group>"; };
		D824A6BE1BCEB17A00250B61 /* Info.plist */ = {isa = PBXFileReference; lastKnownFileType = text.plist.xml; path = Info.plist; sourceTree = "<group>"; };
		D824A6C61BCEB18B00250B61 /* ETValidationComponent.swift */ = {isa = PBXFileReference; fileEncoding = 4; lastKnownFileType = sourcecode.swift; path = ETValidationComponent.swift; sourceTree = "<group>"; };
		D824A6C71BCEB18B00250B61 /* ETValidationComponentBoolean.swift */ = {isa = PBXFileReference; fileEncoding = 4; lastKnownFileType = sourcecode.swift; path = ETValidationComponentBoolean.swift; sourceTree = "<group>"; };
		D824A6C81BCEB18B00250B61 /* ETValidationComponentCharacterLimit.swift */ = {isa = PBXFileReference; fileEncoding = 4; lastKnownFileType = sourcecode.swift; path = ETValidationComponentCharacterLimit.swift; sourceTree = "<group>"; };
		D824A6C91BCEB18B00250B61 /* ETValidationComponentEmail.swift */ = {isa = PBXFileReference; fileEncoding = 4; lastKnownFileType = sourcecode.swift; path = ETValidationComponentEmail.swift; sourceTree = "<group>"; };
		D824A6CA1BCEB18B00250B61 /* ETValidationComponentPassword.swift */ = {isa = PBXFileReference; fileEncoding = 4; lastKnownFileType = sourcecode.swift; path = ETValidationComponentPassword.swift; sourceTree = "<group>"; };
		D824A6CB1BCEB18B00250B61 /* ETValidationComponentRegex.swift */ = {isa = PBXFileReference; fileEncoding = 4; lastKnownFileType = sourcecode.swift; path = ETValidationComponentRegex.swift; sourceTree = "<group>"; };
		D824A6CD1BCEB18B00250B61 /* ETValidationError.swift */ = {isa = PBXFileReference; fileEncoding = 4; lastKnownFileType = sourcecode.swift; path = ETValidationError.swift; sourceTree = "<group>"; };
		D824A6D11BCEB18B00250B61 /* ETValidationForm.swift */ = {isa = PBXFileReference; fileEncoding = 4; lastKnownFileType = sourcecode.swift; path = ETValidationForm.swift; sourceTree = "<group>"; };
		D824A6D31BCEB18B00250B61 /* ETValidationProtocol.swift */ = {isa = PBXFileReference; fileEncoding = 4; lastKnownFileType = sourcecode.swift; path = ETValidationProtocol.swift; sourceTree = "<group>"; };
/* End PBXFileReference section */

/* Begin PBXFrameworksBuildPhase section */
		D824A6B51BCEB17A00250B61 /* Frameworks */ = {
			isa = PBXFrameworksBuildPhase;
			buildActionMask = 2147483647;
			files = (
			);
			runOnlyForDeploymentPostprocessing = 0;
		};
/* End PBXFrameworksBuildPhase section */

/* Begin PBXGroup section */
		D824A6AF1BCEB17A00250B61 = {
			isa = PBXGroup;
			children = (
				D824A6C41BCEB18B00250B61 /* Source */,
				D824A6BB1BCEB17A00250B61 /* ETValidation */,
				D824A6BA1BCEB17A00250B61 /* Products */,
			);
			sourceTree = "<group>";
		};
		D824A6BA1BCEB17A00250B61 /* Products */ = {
			isa = PBXGroup;
			children = (
				D824A6B91BCEB17A00250B61 /* ETValidation.framework */,
			);
			name = Products;
			sourceTree = "<group>";
		};
		D824A6BB1BCEB17A00250B61 /* ETValidation */ = {
			isa = PBXGroup;
			children = (
				D824A6BC1BCEB17A00250B61 /* ETValidation.h */,
				D824A6BE1BCEB17A00250B61 /* Info.plist */,
			);
			path = ETValidation;
			sourceTree = "<group>";
		};
		D824A6C41BCEB18B00250B61 /* Source */ = {
			isa = PBXGroup;
			children = (
				D824A6C51BCEB18B00250B61 /* Components */,
				D824A6CC1BCEB18B00250B61 /* Error */,
				D824A6D01BCEB18B00250B61 /* Form */,
				D824A6D21BCEB18B00250B61 /* Protocol */,
			);
			name = Source;
			path = ../Source;
			sourceTree = "<group>";
		};
		D824A6C51BCEB18B00250B61 /* Components */ = {
			isa = PBXGroup;
			children = (
				D824A6C61BCEB18B00250B61 /* ETValidationComponent.swift */,
				D824A6C71BCEB18B00250B61 /* ETValidationComponentBoolean.swift */,
				D824A6C81BCEB18B00250B61 /* ETValidationComponentCharacterLimit.swift */,
				D824A6C91BCEB18B00250B61 /* ETValidationComponentEmail.swift */,
				D824A6CA1BCEB18B00250B61 /* ETValidationComponentPassword.swift */,
				D824A6CB1BCEB18B00250B61 /* ETValidationComponentRegex.swift */,
			);
			path = Components;
			sourceTree = "<group>";
		};
		D824A6CC1BCEB18B00250B61 /* Error */ = {
			isa = PBXGroup;
			children = (
				D824A6CD1BCEB18B00250B61 /* ETValidationError.swift */,
			);
			path = Error;
			sourceTree = "<group>";
		};
		D824A6D01BCEB18B00250B61 /* Form */ = {
			isa = PBXGroup;
			children = (
				D824A6D11BCEB18B00250B61 /* ETValidationForm.swift */,
			);
			path = Form;
			sourceTree = "<group>";
		};
		D824A6D21BCEB18B00250B61 /* Protocol */ = {
			isa = PBXGroup;
			children = (
				D824A6D31BCEB18B00250B61 /* ETValidationProtocol.swift */,
			);
			path = Protocol;
			sourceTree = "<group>";
		};
/* End PBXGroup section */

/* Begin PBXHeadersBuildPhase section */
		D824A6B61BCEB17A00250B61 /* Headers */ = {
			isa = PBXHeadersBuildPhase;
			buildActionMask = 2147483647;
			files = (
				D824A6BD1BCEB17A00250B61 /* ETValidation.h in Headers */,
			);
			runOnlyForDeploymentPostprocessing = 0;
		};
/* End PBXHeadersBuildPhase section */

/* Begin PBXNativeTarget section */
		D824A6B81BCEB17A00250B61 /* ETValidation */ = {
			isa = PBXNativeTarget;
			buildConfigurationList = D824A6C11BCEB17A00250B61 /* Build configuration list for PBXNativeTarget "ETValidation" */;
			buildPhases = (
				D824A6B41BCEB17A00250B61 /* Sources */,
				D824A6B51BCEB17A00250B61 /* Frameworks */,
				D824A6B61BCEB17A00250B61 /* Headers */,
				D824A6B71BCEB17A00250B61 /* Resources */,
			);
			buildRules = (
			);
			dependencies = (
			);
			name = ETValidation;
			productName = ETValidation;
			productReference = D824A6B91BCEB17A00250B61 /* ETValidation.framework */;
			productType = "com.apple.product-type.framework";
		};
/* End PBXNativeTarget section */

/* Begin PBXProject section */
		D824A6B01BCEB17A00250B61 /* Project object */ = {
			isa = PBXProject;
			attributes = {
				LastUpgradeCheck = 0700;
				ORGANIZATIONNAME = "Joseph Burgess";
				TargetAttributes = {
					D824A6B81BCEB17A00250B61 = {
						CreatedOnToolsVersion = 7.0.1;
					};
				};
			};
			buildConfigurationList = D824A6B31BCEB17A00250B61 /* Build configuration list for PBXProject "ETValidation" */;
			compatibilityVersion = "Xcode 3.2";
			developmentRegion = English;
			hasScannedForEncodings = 0;
			knownRegions = (
				en,
			);
			mainGroup = D824A6AF1BCEB17A00250B61;
			productRefGroup = D824A6BA1BCEB17A00250B61 /* Products */;
			projectDirPath = "";
			projectRoot = "";
			targets = (
				D824A6B81BCEB17A00250B61 /* ETValidation */,
			);
		};
/* End PBXProject section */

/* Begin PBXResourcesBuildPhase section */
		D824A6B71BCEB17A00250B61 /* Resources */ = {
			isa = PBXResourcesBuildPhase;
			buildActionMask = 2147483647;
			files = (
			);
			runOnlyForDeploymentPostprocessing = 0;
		};
/* End PBXResourcesBuildPhase section */

/* Begin PBXSourcesBuildPhase section */
		D824A6B41BCEB17A00250B61 /* Sources */ = {
			isa = PBXSourcesBuildPhase;
			buildActionMask = 2147483647;
			files = (
				D824A6DC1BCEB18B00250B61 /* ETValidationForm.swift in Sources */,
				D824A6DA1BCEB18B00250B61 /* ETValidationError.swift in Sources */,
				D824A6D71BCEB18B00250B61 /* ETValidationComponentEmail.swift in Sources */,
				D824A6DD1BCEB18B00250B61 /* ETValidationProtocol.swift in Sources */,
				D824A6D51BCEB18B00250B61 /* ETValidationComponentBoolean.swift in Sources */,
				D824A6D61BCEB18B00250B61 /* ETValidationComponentCharacterLimit.swift in Sources */,
				D824A6D81BCEB18B00250B61 /* ETValidationComponentPassword.swift in Sources */,
				D824A6D91BCEB18B00250B61 /* ETValidationComponentRegex.swift in Sources */,
				D824A6D41BCEB18B00250B61 /* ETValidationComponent.swift in Sources */,
			);
			runOnlyForDeploymentPostprocessing = 0;
		};
/* End PBXSourcesBuildPhase section */

/* Begin XCBuildConfiguration section */
		D824A6BF1BCEB17A00250B61 /* Debug */ = {
			isa = XCBuildConfiguration;
			buildSettings = {
				ALWAYS_SEARCH_USER_PATHS = NO;
				CLANG_CXX_LANGUAGE_STANDARD = "gnu++0x";
				CLANG_CXX_LIBRARY = "libc++";
				CLANG_ENABLE_MODULES = YES;
				CLANG_ENABLE_OBJC_ARC = YES;
				CLANG_WARN_BOOL_CONVERSION = YES;
				CLANG_WARN_CONSTANT_CONVERSION = YES;
				CLANG_WARN_DIRECT_OBJC_ISA_USAGE = YES_ERROR;
				CLANG_WARN_EMPTY_BODY = YES;
				CLANG_WARN_ENUM_CONVERSION = YES;
				CLANG_WARN_INT_CONVERSION = YES;
				CLANG_WARN_OBJC_ROOT_CLASS = YES_ERROR;
				CLANG_WARN_UNREACHABLE_CODE = YES;
				CLANG_WARN__DUPLICATE_METHOD_MATCH = YES;
				"CODE_SIGN_IDENTITY[sdk=iphoneos*]" = "iPhone Developer";
				COPY_PHASE_STRIP = NO;
				CURRENT_PROJECT_VERSION = 1;
				DEBUG_INFORMATION_FORMAT = dwarf;
				ENABLE_STRICT_OBJC_MSGSEND = YES;
				ENABLE_TESTABILITY = YES;
				GCC_C_LANGUAGE_STANDARD = gnu99;
				GCC_DYNAMIC_NO_PIC = NO;
				GCC_NO_COMMON_BLOCKS = YES;
				GCC_OPTIMIZATION_LEVEL = 0;
				GCC_PREPROCESSOR_DEFINITIONS = (
					"DEBUG=1",
					"$(inherited)",
				);
				GCC_WARN_64_TO_32_BIT_CONVERSION = YES;
				GCC_WARN_ABOUT_RETURN_TYPE = YES_ERROR;
				GCC_WARN_UNDECLARED_SELECTOR = YES;
				GCC_WARN_UNINITIALIZED_AUTOS = YES_AGGRESSIVE;
				GCC_WARN_UNUSED_FUNCTION = YES;
				GCC_WARN_UNUSED_VARIABLE = YES;
				IPHONEOS_DEPLOYMENT_TARGET = 9.0;
				MTL_ENABLE_DEBUG_INFO = YES;
				ONLY_ACTIVE_ARCH = YES;
				SDKROOT = iphoneos;
				SWIFT_OPTIMIZATION_LEVEL = "-Onone";
				TARGETED_DEVICE_FAMILY = "1,2";
				VERSIONING_SYSTEM = "apple-generic";
				VERSION_INFO_PREFIX = "";
			};
			name = Debug;
		};
		D824A6C01BCEB17A00250B61 /* Release */ = {
			isa = XCBuildConfiguration;
			buildSettings = {
				ALWAYS_SEARCH_USER_PATHS = NO;
				CLANG_CXX_LANGUAGE_STANDARD = "gnu++0x";
				CLANG_CXX_LIBRARY = "libc++";
				CLANG_ENABLE_MODULES = YES;
				CLANG_ENABLE_OBJC_ARC = YES;
				CLANG_WARN_BOOL_CONVERSION = YES;
				CLANG_WARN_CONSTANT_CONVERSION = YES;
				CLANG_WARN_DIRECT_OBJC_ISA_USAGE = YES_ERROR;
				CLANG_WARN_EMPTY_BODY = YES;
				CLANG_WARN_ENUM_CONVERSION = YES;
				CLANG_WARN_INT_CONVERSION = YES;
				CLANG_WARN_OBJC_ROOT_CLASS = YES_ERROR;
				CLANG_WARN_UNREACHABLE_CODE = YES;
				CLANG_WARN__DUPLICATE_METHOD_MATCH = YES;
				"CODE_SIGN_IDENTITY[sdk=iphoneos*]" = "iPhone Developer";
				COPY_PHASE_STRIP = NO;
				CURRENT_PROJECT_VERSION = 1;
				DEBUG_INFORMATION_FORMAT = "dwarf-with-dsym";
				ENABLE_NS_ASSERTIONS = NO;
				ENABLE_STRICT_OBJC_MSGSEND = YES;
				GCC_C_LANGUAGE_STANDARD = gnu99;
				GCC_NO_COMMON_BLOCKS = YES;
				GCC_WARN_64_TO_32_BIT_CONVERSION = YES;
				GCC_WARN_ABOUT_RETURN_TYPE = YES_ERROR;
				GCC_WARN_UNDECLARED_SELECTOR = YES;
				GCC_WARN_UNINITIALIZED_AUTOS = YES_AGGRESSIVE;
				GCC_WARN_UNUSED_FUNCTION = YES;
				GCC_WARN_UNUSED_VARIABLE = YES;
				IPHONEOS_DEPLOYMENT_TARGET = 9.0;
				MTL_ENABLE_DEBUG_INFO = NO;
				SDKROOT = iphoneos;
				TARGETED_DEVICE_FAMILY = "1,2";
				VALIDATE_PRODUCT = YES;
				VERSIONING_SYSTEM = "apple-generic";
				VERSION_INFO_PREFIX = "";
			};
			name = Release;
		};
		D824A6C21BCEB17A00250B61 /* Debug */ = {
			isa = XCBuildConfiguration;
			buildSettings = {
				DEFINES_MODULE = YES;
				DYLIB_COMPATIBILITY_VERSION = 1;
				DYLIB_CURRENT_VERSION = 1;
				DYLIB_INSTALL_NAME_BASE = "@rpath";
				INFOPLIST_FILE = ETValidation/Info.plist;
				INSTALL_PATH = "$(LOCAL_LIBRARY_DIR)/Frameworks";
				LD_RUNPATH_SEARCH_PATHS = "$(inherited) @executable_path/Frameworks @loader_path/Frameworks";
				PRODUCT_BUNDLE_IDENTIFIER = com.errortype520.ETValidation;
				PRODUCT_NAME = "$(TARGET_NAME)";
				SKIP_INSTALL = YES;
			};
			name = Debug;
		};
		D824A6C31BCEB17A00250B61 /* Release */ = {
			isa = XCBuildConfiguration;
			buildSettings = {
				DEFINES_MODULE = YES;
				DYLIB_COMPATIBILITY_VERSION = 1;
				DYLIB_CURRENT_VERSION = 1;
				DYLIB_INSTALL_NAME_BASE = "@rpath";
				INFOPLIST_FILE = ETValidation/Info.plist;
				INSTALL_PATH = "$(LOCAL_LIBRARY_DIR)/Frameworks";
				LD_RUNPATH_SEARCH_PATHS = "$(inherited) @executable_path/Frameworks @loader_path/Frameworks";
				PRODUCT_BUNDLE_IDENTIFIER = com.errortype520.ETValidation;
				PRODUCT_NAME = "$(TARGET_NAME)";
				SKIP_INSTALL = YES;
			};
			name = Release;
		};
/* End XCBuildConfiguration section */

/* Begin XCConfigurationList section */
		D824A6B31BCEB17A00250B61 /* Build configuration list for PBXProject "ETValidation" */ = {
			isa = XCConfigurationList;
			buildConfigurations = (
				D824A6BF1BCEB17A00250B61 /* Debug */,
				D824A6C01BCEB17A00250B61 /* Release */,
			);
			defaultConfigurationIsVisible = 0;
			defaultConfigurationName = Release;
		};
		D824A6C11BCEB17A00250B61 /* Build configuration list for PBXNativeTarget "ETValidation" */ = {
			isa = XCConfigurationList;
			buildConfigurations = (
				D824A6C21BCEB17A00250B61 /* Debug */,
				D824A6C31BCEB17A00250B61 /* Release */,
			);
			defaultConfigurationIsVisible = 0;
		};
/* End XCConfigurationList section */
	};
	rootObject = D824A6B01BCEB17A00250B61 /* Project object */;
}
